
Microsoft Visual Studio Solution File, Format Version 12.00
# Visual Studio Version 17
VisualStudioVersion = 17.13.35919.96 d17.13
MinimumVisualStudioVersion = 10.0.40219.1
Project("{FAE04EC0-301F-11D3-BF4B-00C04F79EFBC}") = "QuizApp", "QuizApp.csproj", "{784E79A9-E948-4D65-ABFE-23F75C731B6B}"
EndProject
Global
	GlobalSection(SolutionConfigurationPlatforms) = preSolution
		Debug|Any CPU = Debug|Any CPU
		Release|Any CPU = Release|Any CPU
	EndGlobalSection
	GlobalSection(ProjectConfigurationPlatforms) = postSolution
		{784E79A9-E948-4D65-ABFE-23F75C731B6B}.Debug|Any CPU.ActiveCfg = Debug|Any CPU
		{784E79A9-E948-4D65-ABFE-23F75C731B6B}.Debug|Any CPU.Build.0 = Debug|Any CPU
		{784E79A9-E948-4D65-ABFE-23F75C731B6B}.Release|Any CPU.ActiveCfg = Release|Any CPU
		{784E79A9-E948-4D65-ABFE-23F75C731B6B}.Release|Any CPU.Build.0 = Release|Any CPU
	EndGlobalSection
	GlobalSection(SolutionProperties) = preSolution
		HideSolutionNode = FALSE
	EndGlobalSection
	GlobalSection(ExtensibilityGlobals) = postSolution
		SolutionGuid = {7BE8182F-6A0D-455C-86FC-F008E8E80A3F}
	EndGlobalSection
EndGlobal
